{
  "name": "@ipsme/msgenv-broadcastchannel",
  "version": "0.3.12",
  "lockfileVersion": 3,
  "requires": true,
  "packages": {
    "": {
      "name": "@ipsme/msgenv-broadcastchannel",
      "version": "0.3.12",
      "license": "GPL-3.0-or-later",
      "dependencies": {
        "@knev/bitlogr": "^0.2.1"
      },
      "devDependencies": {
        "@rollup/plugin-node-resolve": "^15.0.1",
        "del-cli": "^6.0.0",
        "rollup": "^4.27.3",
        "rollup-plugin-dts": "^6.1.1"
      }
    },
    "node_modules/@babel/code-frame": {
      "version": "7.26.2",
      "resolved": "https://registry.npmjs.org/@babel/code-frame/-/code-frame-7.26.2.tgz",
      "integrity": "sha512-RJlIHRueQgwWitWgF8OdFYGZX328Ax5BCemNGlqHfplnRT9ESi8JkFlvaVYbS+UubVY6dpv87Fs2u5M29iNFVQ==",
      "dev": true,
      "optional": true,
      "dependencies": {
        "@babel/helper-validator-identifier": "^7.25.9",
        "js-tokens": "^4.0.0",
        "picocolors": "^1.0.0"
      },
      "engines": {
        "node": ">=6.9.0"
      }
    },
    "node_modules/@babel/helper-validator-identifier": {
      "version": "7.25.9",
      "resolved": "https://registry.npmjs.org/@babel/helper-validator-identifier/-/helper-validator-identifier-7.25.9.tgz",
      "integrity": "sha512-Ed61U6XJc3CVRfkERJWDz4dJwKe7iLmmJsbOGu9wSloNSFttHV0I8g6UAgb7qnK5ly5bGLPd4oXZlxCdANBOWQ==",
      "dev": true,
      "optional": true,
      "engines": {
        "node": ">=6.9.0"
      }
    },
    "node_modules/@jridgewell/sourcemap-codec": {
      "version": "1.5.0",
      "resolved": "https://registry.npmjs.org/@jridgewell/sourcemap-codec/-/sourcemap-codec-1.5.0.tgz",
      "integrity": "sha512-gv3ZRaISU3fjPAgNsriBRqGWQL6quFx04YMPW/zD8XMLsU32mhCCbfbO6KZFLjvYpCZ8zyDEgqsgf+PwPaM7GQ==",
      "dev": true
    },
    "node_modules/@knev/bitlogr": {
      "version": "0.2.12",
      "resolved": "https://registry.npmjs.org/@knev/bitlogr/-/bitlogr-0.2.12.tgz",
      "integrity": "sha512-AocpUk7s2MsV6/a1haYk8qTct/9EXCuuCMa6gPmX02GNLVnkat+zRIAuEANSFejX93cGHgKbgUVTLPAfAy7v8g=="
    },
    "node_modules/@nodelib/fs.scandir": {
      "version": "2.1.5",
      "resolved": "https://registry.npmjs.org/@nodelib/fs.scandir/-/fs.scandir-2.1.5.tgz",
      "integrity": "sha512-vq24Bq3ym5HEQm2NKCr3yXDwjc7vTsEThRDnkp2DK9p1uqLR+DHurm/NOTo0KG7HYHU7eppKZj3MyqYuMBf62g==",
      "dev": true,
      "dependencies": {
        "@nodelib/fs.stat": "2.0.5",
        "run-parallel": "^1.1.9"
      },
      "engines": {
        "node": ">= 8"
      }
    },
    "node_modules/@nodelib/fs.stat": {
      "version": "2.0.5",
      "resolved": "https://registry.npmjs.org/@nodelib/fs.stat/-/fs.stat-2.0.5.tgz",
      "integrity": "sha512-RkhPPp2zrqDAQA/2jNhnztcPAlv64XdhIp7a7454A5ovI7Bukxgt7MX7udwAu3zg1DcpPU0rz3VV1SeaqvY4+A==",
      "dev": true,
      "engines": {
        "node": ">= 8"
      }
    },
    "node_modules/@nodelib/fs.walk": {
      "version": "1.2.8",
      "resolved": "https://registry.npmjs.org/@nodelib/fs.walk/-/fs.walk-1.2.8.tgz",
      "integrity": "sha512-oGB+UxlgWcgQkgwo8GcEGwemoTFt3FIO9ababBmaGwXIoBKZ+GTy0pP185beGg7Llih/NSHSV2XAs1lnznocSg==",
      "dev": true,
      "dependencies": {
        "@nodelib/fs.scandir": "2.1.5",
        "fastq": "^1.6.0"
      },
      "engines": {
        "node": ">= 8"
      }
    },
    "node_modules/@rollup/plugin-node-resolve": {
      "version": "15.3.0",
      "resolved": "https://registry.npmjs.org/@rollup/plugin-node-resolve/-/plugin-node-resolve-15.3.0.tgz",
      "integrity": "sha512-9eO5McEICxMzJpDW9OnMYSv4Sta3hmt7VtBFz5zR9273suNOydOyq/FrGeGy+KsTRFm8w0SLVhzig2ILFT63Ag==",
      "dev": true,
      "dependencies": {
        "@rollup/pluginutils": "^5.0.1",
        "@types/resolve": "1.20.2",
        "deepmerge": "^4.2.2",
        "is-module": "^1.0.0",
        "resolve": "^1.22.1"
      },
      "engines": {
        "node": ">=14.0.0"
      },
      "peerDependencies": {
        "rollup": "^2.78.0||^3.0.0||^4.0.0"
      },
      "peerDependenciesMeta": {
        "rollup": {
          "optional": true
        }
      }
    },
    "node_modules/@rollup/pluginutils": {
      "version": "5.1.3",
      "resolved": "https://registry.npmjs.org/@rollup/pluginutils/-/pluginutils-5.1.3.tgz",
      "integrity": "sha512-Pnsb6f32CD2W3uCaLZIzDmeFyQ2b8UWMFI7xtwUezpcGBDVDW6y9XgAWIlARiGAo6eNF5FK5aQTr0LFyNyqq5A==",
      "dev": true,
      "dependencies": {
        "@types/estree": "^1.0.0",
        "estree-walker": "^2.0.2",
        "picomatch": "^4.0.2"
      },
      "engines": {
        "node": ">=14.0.0"
      },
      "peerDependencies": {
        "rollup": "^1.20.0||^2.0.0||^3.0.0||^4.0.0"
      },
      "peerDependenciesMeta": {
        "rollup": {
          "optional": true
        }
      }
    },
    "node_modules/@rollup/rollup-android-arm-eabi": {
      "version": "4.27.3",
      "resolved": "https://registry.npmjs.org/@rollup/rollup-android-arm-eabi/-/rollup-android-arm-eabi-4.27.3.tgz",
      "integrity": "sha512-EzxVSkIvCFxUd4Mgm4xR9YXrcp976qVaHnqom/Tgm+vU79k4vV4eYTjmRvGfeoW8m9LVcsAy/lGjcgVegKEhLQ==",
      "cpu": [
        "arm"
      ],
      "dev": true,
      "optional": true,
      "os": [
        "android"
      ]
    },
    "node_modules/@rollup/rollup-android-arm64": {
      "version": "4.27.3",
      "resolved": "https://registry.npmjs.org/@rollup/rollup-android-arm64/-/rollup-android-arm64-4.27.3.tgz",
      "integrity": "sha512-LJc5pDf1wjlt9o/Giaw9Ofl+k/vLUaYsE2zeQGH85giX2F+wn/Cg8b3c5CDP3qmVmeO5NzwVUzQQxwZvC2eQKw==",
      "cpu": [
        "arm64"
      ],
      "dev": true,
      "optional": true,
      "os": [
        "android"
      ]
    },
    "node_modules/@rollup/rollup-darwin-arm64": {
      "version": "4.27.3",
      "resolved": "https://registry.npmjs.org/@rollup/rollup-darwin-arm64/-/rollup-darwin-arm64-4.27.3.tgz",
      "integrity": "sha512-OuRysZ1Mt7wpWJ+aYKblVbJWtVn3Cy52h8nLuNSzTqSesYw1EuN6wKp5NW/4eSre3mp12gqFRXOKTcN3AI3LqA==",
      "cpu": [
        "arm64"
      ],
      "dev": true,
      "optional": true,
      "os": [
        "darwin"
      ]
    },
    "node_modules/@rollup/rollup-darwin-x64": {
      "version": "4.27.3",
      "resolved": "https://registry.npmjs.org/@rollup/rollup-darwin-x64/-/rollup-darwin-x64-4.27.3.tgz",
      "integrity": "sha512-xW//zjJMlJs2sOrCmXdB4d0uiilZsOdlGQIC/jjmMWT47lkLLoB1nsNhPUcnoqyi5YR6I4h+FjBpILxbEy8JRg==",
      "cpu": [
        "x64"
      ],
      "dev": true,
      "optional": true,
      "os": [
        "darwin"
      ]
    },
    "node_modules/@rollup/rollup-freebsd-arm64": {
      "version": "4.27.3",
      "resolved": "https://registry.npmjs.org/@rollup/rollup-freebsd-arm64/-/rollup-freebsd-arm64-4.27.3.tgz",
      "integrity": "sha512-58E0tIcwZ+12nK1WiLzHOD8I0d0kdrY/+o7yFVPRHuVGY3twBwzwDdTIBGRxLmyjciMYl1B/U515GJy+yn46qw==",
      "cpu": [
        "arm64"
      ],
      "dev": true,
      "optional": true,
      "os": [
        "freebsd"
      ]
    },
    "node_modules/@rollup/rollup-freebsd-x64": {
      "version": "4.27.3",
      "resolved": "https://registry.npmjs.org/@rollup/rollup-freebsd-x64/-/rollup-freebsd-x64-4.27.3.tgz",
      "integrity": "sha512-78fohrpcVwTLxg1ZzBMlwEimoAJmY6B+5TsyAZ3Vok7YabRBUvjYTsRXPTjGEvv/mfgVBepbW28OlMEz4w8wGA==",
      "cpu": [
        "x64"
      ],
      "dev": true,
      "optional": true,
      "os": [
        "freebsd"
      ]
    },
    "node_modules/@rollup/rollup-linux-arm-gnueabihf": {
      "version": "4.27.3",
      "resolved": "https://registry.npmjs.org/@rollup/rollup-linux-arm-gnueabihf/-/rollup-linux-arm-gnueabihf-4.27.3.tgz",
      "integrity": "sha512-h2Ay79YFXyQi+QZKo3ISZDyKaVD7uUvukEHTOft7kh00WF9mxAaxZsNs3o/eukbeKuH35jBvQqrT61fzKfAB/Q==",
      "cpu": [
        "arm"
      ],
      "dev": true,
      "optional": true,
      "os": [
        "linux"
      ]
    },
    "node_modules/@rollup/rollup-linux-arm-musleabihf": {
      "version": "4.27.3",
      "resolved": "https://registry.npmjs.org/@rollup/rollup-linux-arm-musleabihf/-/rollup-linux-arm-musleabihf-4.27.3.tgz",
      "integrity": "sha512-Sv2GWmrJfRY57urktVLQ0VKZjNZGogVtASAgosDZ1aUB+ykPxSi3X1nWORL5Jk0sTIIwQiPH7iE3BMi9zGWfkg==",
      "cpu": [
        "arm"
      ],
      "dev": true,
      "optional": true,
      "os": [
        "linux"
      ]
    },
    "node_modules/@rollup/rollup-linux-arm64-gnu": {
      "version": "4.27.3",
      "resolved": "https://registry.npmjs.org/@rollup/rollup-linux-arm64-gnu/-/rollup-linux-arm64-gnu-4.27.3.tgz",
      "integrity": "sha512-FPoJBLsPW2bDNWjSrwNuTPUt30VnfM8GPGRoLCYKZpPx0xiIEdFip3dH6CqgoT0RnoGXptaNziM0WlKgBc+OWQ==",
      "cpu": [
        "arm64"
      ],
      "dev": true,
      "optional": true,
      "os": [
        "linux"
      ]
    },
    "node_modules/@rollup/rollup-linux-arm64-musl": {
      "version": "4.27.3",
      "resolved": "https://registry.npmjs.org/@rollup/rollup-linux-arm64-musl/-/rollup-linux-arm64-musl-4.27.3.tgz",
      "integrity": "sha512-TKxiOvBorYq4sUpA0JT+Fkh+l+G9DScnG5Dqx7wiiqVMiRSkzTclP35pE6eQQYjP4Gc8yEkJGea6rz4qyWhp3g==",
      "cpu": [
        "arm64"
      ],
      "dev": true,
      "optional": true,
      "os": [
        "linux"
      ]
    },
    "node_modules/@rollup/rollup-linux-powerpc64le-gnu": {
      "version": "4.27.3",
      "resolved": "https://registry.npmjs.org/@rollup/rollup-linux-powerpc64le-gnu/-/rollup-linux-powerpc64le-gnu-4.27.3.tgz",
      "integrity": "sha512-v2M/mPvVUKVOKITa0oCFksnQQ/TqGrT+yD0184/cWHIu0LoIuYHwox0Pm3ccXEz8cEQDLk6FPKd1CCm+PlsISw==",
      "cpu": [
        "ppc64"
      ],
      "dev": true,
      "optional": true,
      "os": [
        "linux"
      ]
    },
    "node_modules/@rollup/rollup-linux-riscv64-gnu": {
      "version": "4.27.3",
      "resolved": "https://registry.npmjs.org/@rollup/rollup-linux-riscv64-gnu/-/rollup-linux-riscv64-gnu-4.27.3.tgz",
      "integrity": "sha512-LdrI4Yocb1a/tFVkzmOE5WyYRgEBOyEhWYJe4gsDWDiwnjYKjNs7PS6SGlTDB7maOHF4kxevsuNBl2iOcj3b4A==",
      "cpu": [
        "riscv64"
      ],
      "dev": true,
      "optional": true,
      "os": [
        "linux"
      ]
    },
    "node_modules/@rollup/rollup-linux-s390x-gnu": {
      "version": "4.27.3",
      "resolved": "https://registry.npmjs.org/@rollup/rollup-linux-s390x-gnu/-/rollup-linux-s390x-gnu-4.27.3.tgz",
      "integrity": "sha512-d4wVu6SXij/jyiwPvI6C4KxdGzuZOvJ6y9VfrcleHTwo68fl8vZC5ZYHsCVPUi4tndCfMlFniWgwonQ5CUpQcA==",
      "cpu": [
        "s390x"
      ],
      "dev": true,
      "optional": true,
      "os": [
        "linux"
      ]
    },
    "node_modules/@rollup/rollup-linux-x64-gnu": {
      "version": "4.27.3",
      "resolved": "https://registry.npmjs.org/@rollup/rollup-linux-x64-gnu/-/rollup-linux-x64-gnu-4.27.3.tgz",
      "integrity": "sha512-/6bn6pp1fsCGEY5n3yajmzZQAh+mW4QPItbiWxs69zskBzJuheb3tNynEjL+mKOsUSFK11X4LYF2BwwXnzWleA==",
      "cpu": [
        "x64"
      ],
      "dev": true,
      "optional": true,
      "os": [
        "linux"
      ]
    },
    "node_modules/@rollup/rollup-linux-x64-musl": {
      "version": "4.27.3",
      "resolved": "https://registry.npmjs.org/@rollup/rollup-linux-x64-musl/-/rollup-linux-x64-musl-4.27.3.tgz",
      "integrity": "sha512-nBXOfJds8OzUT1qUreT/en3eyOXd2EH5b0wr2bVB5999qHdGKkzGzIyKYaKj02lXk6wpN71ltLIaQpu58YFBoQ==",
      "cpu": [
        "x64"
      ],
      "dev": true,
      "optional": true,
      "os": [
        "linux"
      ]
    },
    "node_modules/@rollup/rollup-win32-arm64-msvc": {
      "version": "4.27.3",
      "resolved": "https://registry.npmjs.org/@rollup/rollup-win32-arm64-msvc/-/rollup-win32-arm64-msvc-4.27.3.tgz",
      "integrity": "sha512-ogfbEVQgIZOz5WPWXF2HVb6En+kWzScuxJo/WdQTqEgeyGkaa2ui5sQav9Zkr7bnNCLK48uxmmK0TySm22eiuw==",
      "cpu": [
        "arm64"
      ],
      "dev": true,
      "optional": true,
      "os": [
        "win32"
      ]
    },
    "node_modules/@rollup/rollup-win32-ia32-msvc": {
      "version": "4.27.3",
      "resolved": "https://registry.npmjs.org/@rollup/rollup-win32-ia32-msvc/-/rollup-win32-ia32-msvc-4.27.3.tgz",
      "integrity": "sha512-ecE36ZBMLINqiTtSNQ1vzWc5pXLQHlf/oqGp/bSbi7iedcjcNb6QbCBNG73Euyy2C+l/fn8qKWEwxr+0SSfs3w==",
      "cpu": [
        "ia32"
      ],
      "dev": true,
      "optional": true,
      "os": [
        "win32"
      ]
    },
    "node_modules/@rollup/rollup-win32-x64-msvc": {
      "version": "4.27.3",
      "resolved": "https://registry.npmjs.org/@rollup/rollup-win32-x64-msvc/-/rollup-win32-x64-msvc-4.27.3.tgz",
      "integrity": "sha512-vliZLrDmYKyaUoMzEbMTg2JkerfBjn03KmAw9CykO0Zzkzoyd7o3iZNam/TpyWNjNT+Cz2iO3P9Smv2wgrR+Eg==",
      "cpu": [
        "x64"
      ],
      "dev": true,
      "optional": true,
      "os": [
        "win32"
      ]
    },
    "node_modules/@sindresorhus/merge-streams": {
      "version": "2.3.0",
      "resolved": "https://registry.npmjs.org/@sindresorhus/merge-streams/-/merge-streams-2.3.0.tgz",
      "integrity": "sha512-LtoMMhxAlorcGhmFYI+LhPgbPZCkgP6ra1YL604EeF6U98pLlQ3iWIGMdWSC+vWmPBWBNgmDBAhnAobLROJmwg==",
      "dev": true,
      "engines": {
        "node": ">=18"
      },
      "funding": {
        "url": "https://github.com/sponsors/sindresorhus"
      }
    },
    "node_modules/@types/estree": {
      "version": "1.0.6",
      "resolved": "https://registry.npmjs.org/@types/estree/-/estree-1.0.6.tgz",
      "integrity": "sha512-AYnb1nQyY49te+VRAVgmzfcgjYS91mY5P0TKUDCLEM+gNnA+3T6rWITXRLYCpahpqSQbN5cE+gHpnPyXjHWxcw==",
      "dev": true
    },
    "node_modules/@types/resolve": {
      "version": "1.20.2",
      "resolved": "https://registry.npmjs.org/@types/resolve/-/resolve-1.20.2.tgz",
      "integrity": "sha512-60BCwRFOZCQhDncwQdxxeOEEkbc5dIMccYLwbxsS4TUNeVECQ/pBJ0j09mrHOl/JJvpRPGwO9SvE4nR2Nb/a4Q==",
      "dev": true
    },
    "node_modules/braces": {
      "version": "3.0.3",
      "resolved": "https://registry.npmjs.org/braces/-/braces-3.0.3.tgz",
      "integrity": "sha512-yQbXgO/OSZVD2IsiLlro+7Hf6Q18EJrKSEsdoMzKePKXct3gvD8oLcOQdIzGupr5Fj+EDe8gO/lxc1BzfMpxvA==",
      "dev": true,
      "dependencies": {
        "fill-range": "^7.1.1"
      },
      "engines": {
        "node": ">=8"
      }
    },
    "node_modules/deepmerge": {
      "version": "4.3.1",
      "resolved": "https://registry.npmjs.org/deepmerge/-/deepmerge-4.3.1.tgz",
      "integrity": "sha512-3sUqbMEc77XqpdNO7FRyRog+eW3ph+GYCbj+rK+uYyRMuwsVy0rMiVtPn+QJlKFvWP/1PYpapqYn0Me2knFn+A==",
      "dev": true,
      "engines": {
        "node": ">=0.10.0"
      }
    },
    "node_modules/del": {
      "version": "8.0.0",
      "resolved": "https://registry.npmjs.org/del/-/del-8.0.0.tgz",
      "integrity": "sha512-R6ep6JJ+eOBZsBr9esiNN1gxFbZE4Q2cULkUSFumGYecAiS6qodDvcPx/sFuWHMNul7DWmrtoEOpYSm7o6tbSA==",
      "dev": true,
      "dependencies": {
        "globby": "^14.0.2",
        "is-glob": "^4.0.3",
        "is-path-cwd": "^3.0.0",
        "is-path-inside": "^4.0.0",
        "p-map": "^7.0.2",
        "slash": "^5.1.0"
      },
      "engines": {
        "node": ">=18"
      },
      "funding": {
        "url": "https://github.com/sponsors/sindresorhus"
      }
    },
    "node_modules/del-cli": {
      "version": "6.0.0",
      "resolved": "https://registry.npmjs.org/del-cli/-/del-cli-6.0.0.tgz",
      "integrity": "sha512-9nitGV2W6KLFyya4qYt4+9AKQFL+c0Ehj5K7V7IwlxTc6RMCfQUGY9E9pLG6e8TQjtwXpuiWIGGZb3mfVxyZkw==",
      "dev": true,
      "dependencies": {
        "del": "^8.0.0",
        "meow": "^13.2.0"
      },
      "bin": {
        "del": "cli.js",
        "del-cli": "cli.js"
      },
      "engines": {
        "node": ">=18"
      },
      "funding": {
        "url": "https://github.com/sponsors/sindresorhus"
      }
    },
    "node_modules/estree-walker": {
      "version": "2.0.2",
      "resolved": "https://registry.npmjs.org/estree-walker/-/estree-walker-2.0.2.tgz",
      "integrity": "sha512-Rfkk/Mp/DL7JVje3u18FxFujQlTNR2q6QfMSMB7AvCBx91NGj/ba3kCfza0f6dVDbw7YlRf/nDrn7pQrCCyQ/w==",
      "dev": true
    },
    "node_modules/fast-glob": {
      "version": "3.3.2",
      "resolved": "https://registry.npmjs.org/fast-glob/-/fast-glob-3.3.2.tgz",
      "integrity": "sha512-oX2ruAFQwf/Orj8m737Y5adxDQO0LAB7/S5MnxCdTNDd4p6BsyIVsv9JQsATbTSq8KHRpLwIHbVlUNatxd+1Ow==",
      "dev": true,
      "dependencies": {
        "@nodelib/fs.stat": "^2.0.2",
        "@nodelib/fs.walk": "^1.2.3",
        "glob-parent": "^5.1.2",
        "merge2": "^1.3.0",
        "micromatch": "^4.0.4"
      },
      "engines": {
        "node": ">=8.6.0"
      }
    },
    "node_modules/fastq": {
      "version": "1.17.1",
      "resolved": "https://registry.npmjs.org/fastq/-/fastq-1.17.1.tgz",
      "integrity": "sha512-sRVD3lWVIXWg6By68ZN7vho9a1pQcN/WBFaAAsDDFzlJjvoGx0P8z7V1t72grFJfJhu3YPZBuu25f7Kaw2jN1w==",
      "dev": true,
      "dependencies": {
        "reusify": "^1.0.4"
      }
    },
    "node_modules/fill-range": {
      "version": "7.1.1",
      "resolved": "https://registry.npmjs.org/fill-range/-/fill-range-7.1.1.tgz",
      "integrity": "sha512-YsGpe3WHLK8ZYi4tWDg2Jy3ebRz2rXowDxnld4bkQB00cc/1Zw9AWnC0i9ztDJitivtQvaI9KaLyKrc+hBW0yg==",
      "dev": true,
      "dependencies": {
        "to-regex-range": "^5.0.1"
      },
      "engines": {
        "node": ">=8"
      }
    },
    "node_modules/fsevents": {
      "version": "2.3.3",
      "resolved": "https://registry.npmjs.org/fsevents/-/fsevents-2.3.3.tgz",
      "integrity": "sha512-5xoDfX+fL7faATnagmWPpbFtwh/R77WmMMqqHGS65C3vvB0YHrgF+B1YmZ3441tMj5n63k0212XNoJwzlhffQw==",
      "dev": true,
      "hasInstallScript": true,
      "optional": true,
      "os": [
        "darwin"
      ],
      "engines": {
        "node": "^8.16.0 || ^10.6.0 || >=11.0.0"
      }
    },
    "node_modules/function-bind": {
      "version": "1.1.2",
      "resolved": "https://registry.npmjs.org/function-bind/-/function-bind-1.1.2.tgz",
      "integrity": "sha512-7XHNxH7qX9xG5mIwxkhumTox/MIRNcOgDrxWsMt2pAr23WHp6MrRlN7FBSFpCpr+oVO0F744iUgR82nJMfG2SA==",
      "dev": true,
      "funding": {
        "url": "https://github.com/sponsors/ljharb"
      }
    },
    "node_modules/glob-parent": {
      "version": "5.1.2",
      "resolved": "https://registry.npmjs.org/glob-parent/-/glob-parent-5.1.2.tgz",
      "integrity": "sha512-AOIgSQCepiJYwP3ARnGx+5VnTu2HBYdzbGP45eLw1vr3zB3vZLeyed1sC9hnbcOc9/SrMyM5RPQrkGz4aS9Zow==",
      "dev": true,
      "dependencies": {
        "is-glob": "^4.0.1"
      },
      "engines": {
        "node": ">= 6"
      }
    },
    "node_modules/globby": {
      "version": "14.0.2",
      "resolved": "https://registry.npmjs.org/globby/-/globby-14.0.2.tgz",
      "integrity": "sha512-s3Fq41ZVh7vbbe2PN3nrW7yC7U7MFVc5c98/iTl9c2GawNMKx/J648KQRW6WKkuU8GIbbh2IXfIRQjOZnXcTnw==",
      "dev": true,
      "dependencies": {
        "@sindresorhus/merge-streams": "^2.1.0",
        "fast-glob": "^3.3.2",
        "ignore": "^5.2.4",
        "path-type": "^5.0.0",
        "slash": "^5.1.0",
        "unicorn-magic": "^0.1.0"
      },
      "engines": {
        "node": ">=18"
      },
      "funding": {
        "url": "https://github.com/sponsors/sindresorhus"
      }
    },
    "node_modules/hasown": {
      "version": "2.0.2",
      "resolved": "https://registry.npmjs.org/hasown/-/hasown-2.0.2.tgz",
      "integrity": "sha512-0hJU9SCPvmMzIBdZFqNPXWa6dqh7WdH0cII9y+CyS8rG3nL48Bclra9HmKhVVUHyPWNH5Y7xDwAB7bfgSjkUMQ==",
      "dev": true,
      "dependencies": {
        "function-bind": "^1.1.2"
      },
      "engines": {
        "node": ">= 0.4"
      }
    },
    "node_modules/ignore": {
      "version": "5.3.2",
      "resolved": "https://registry.npmjs.org/ignore/-/ignore-5.3.2.tgz",
      "integrity": "sha512-hsBTNUqQTDwkWtcdYI2i06Y/nUBEsNEDJKjWdigLvegy8kDuJAS8uRlpkkcQpyEXL0Z/pjDy5HBmMjRCJ2gq+g==",
      "dev": true,
      "engines": {
        "node": ">= 4"
      }
    },
    "node_modules/is-core-module": {
      "version": "2.15.1",
      "resolved": "https://registry.npmjs.org/is-core-module/-/is-core-module-2.15.1.tgz",
      "integrity": "sha512-z0vtXSwucUJtANQWldhbtbt7BnL0vxiFjIdDLAatwhDYty2bad6s+rijD6Ri4YuYJubLzIJLUidCh09e1djEVQ==",
      "dev": true,
      "dependencies": {
        "hasown": "^2.0.2"
      },
      "engines": {
        "node": ">= 0.4"
      },
      "funding": {
        "url": "https://github.com/sponsors/ljharb"
      }
    },
    "node_modules/is-extglob": {
      "version": "2.1.1",
      "resolved": "https://registry.npmjs.org/is-extglob/-/is-extglob-2.1.1.tgz",
      "integrity": "sha512-SbKbANkN603Vi4jEZv49LeVJMn4yGwsbzZworEoyEiutsN3nJYdbO36zfhGJ6QEDpOZIFkDtnq5JRxmvl3jsoQ==",
      "dev": true,
      "engines": {
        "node": ">=0.10.0"
      }
    },
    "node_modules/is-glob": {
      "version": "4.0.3",
      "resolved": "https://registry.npmjs.org/is-glob/-/is-glob-4.0.3.tgz",
      "integrity": "sha512-xelSayHH36ZgE7ZWhli7pW34hNbNl8Ojv5KVmkJD4hBdD3th8Tfk9vYasLM+mXWOZhFkgZfxhLSnrwRr4elSSg==",
      "dev": true,
      "dependencies": {
        "is-extglob": "^2.1.1"
      },
      "engines": {
        "node": ">=0.10.0"
      }
    },
    "node_modules/is-module": {
      "version": "1.0.0",
      "resolved": "https://registry.npmjs.org/is-module/-/is-module-1.0.0.tgz",
      "integrity": "sha512-51ypPSPCoTEIN9dy5Oy+h4pShgJmPCygKfyRCISBI+JoWT/2oJvK8QPxmwv7b/p239jXrm9M1mlQbyKJ5A152g==",
      "dev": true
    },
    "node_modules/is-number": {
      "version": "7.0.0",
      "resolved": "https://registry.npmjs.org/is-number/-/is-number-7.0.0.tgz",
      "integrity": "sha512-41Cifkg6e8TylSpdtTpeLVMqvSBEVzTttHvERD741+pnZ8ANv0004MRL43QKPDlK9cGvNp6NZWZUBlbGXYxxng==",
      "dev": true,
      "engines": {
        "node": ">=0.12.0"
      }
    },
    "node_modules/is-path-cwd": {
      "version": "3.0.0",
      "resolved": "https://registry.npmjs.org/is-path-cwd/-/is-path-cwd-3.0.0.tgz",
      "integrity": "sha512-kyiNFFLU0Ampr6SDZitD/DwUo4Zs1nSdnygUBqsu3LooL00Qvb5j+UnvApUn/TTj1J3OuE6BTdQ5rudKmU2ZaA==",
      "dev": true,
      "engines": {
        "node": "^12.20.0 || ^14.13.1 || >=16.0.0"
      },
      "funding": {
        "url": "https://github.com/sponsors/sindresorhus"
      }
    },
    "node_modules/is-path-inside": {
      "version": "4.0.0",
      "resolved": "https://registry.npmjs.org/is-path-inside/-/is-path-inside-4.0.0.tgz",
      "integrity": "sha512-lJJV/5dYS+RcL8uQdBDW9c9uWFLLBNRyFhnAKXw5tVqLlKZ4RMGZKv+YQ/IA3OhD+RpbJa1LLFM1FQPGyIXvOA==",
      "dev": true,
      "engines": {
        "node": ">=12"
      },
      "funding": {
        "url": "https://github.com/sponsors/sindresorhus"
      }
    },
    "node_modules/js-tokens": {
      "version": "4.0.0",
      "resolved": "https://registry.npmjs.org/js-tokens/-/js-tokens-4.0.0.tgz",
      "integrity": "sha512-RdJUflcE3cUzKiMqQgsCu06FPu9UdIJO0beYbPhHN4k6apgJtifcoCtT9bcxOpYBtpD2kCM6Sbzg4CausW/PKQ==",
      "dev": true,
      "optional": true
    },
    "node_modules/magic-string": {
      "version": "0.30.13",
      "resolved": "https://registry.npmjs.org/magic-string/-/magic-string-0.30.13.tgz",
      "integrity": "sha512-8rYBO+MsWkgjDSOvLomYnzhdwEG51olQ4zL5KXnNJWV5MNmrb4rTZdrtkhxjnD/QyZUqR/Z/XDsUs/4ej2nx0g==",
      "dev": true,
      "dependencies": {
        "@jridgewell/sourcemap-codec": "^1.5.0"
      }
    },
    "node_modules/meow": {
      "version": "13.2.0",
      "resolved": "https://registry.npmjs.org/meow/-/meow-13.2.0.tgz",
      "integrity": "sha512-pxQJQzB6djGPXh08dacEloMFopsOqGVRKFPYvPOt9XDZ1HasbgDZA74CJGreSU4G3Ak7EFJGoiH2auq+yXISgA==",
      "dev": true,
      "engines": {
        "node": ">=18"
      },
      "funding": {
        "url": "https://github.com/sponsors/sindresorhus"
      }
    },
    "node_modules/merge2": {
      "version": "1.4.1",
      "resolved": "https://registry.npmjs.org/merge2/-/merge2-1.4.1.tgz",
      "integrity": "sha512-8q7VEgMJW4J8tcfVPy8g09NcQwZdbwFEqhe/WZkoIzjn/3TGDwtOCYtXGxA3O8tPzpczCCDgv+P2P5y00ZJOOg==",
      "dev": true,
      "engines": {
        "node": ">= 8"
      }
    },
    "node_modules/micromatch": {
      "version": "4.0.8",
      "resolved": "https://registry.npmjs.org/micromatch/-/micromatch-4.0.8.tgz",
      "integrity": "sha512-PXwfBhYu0hBCPw8Dn0E+WDYb7af3dSLVWKi3HGv84IdF4TyFoC0ysxFd0Goxw7nSv4T/PzEJQxsYsEiFCKo2BA==",
      "dev": true,
      "dependencies": {
        "braces": "^3.0.3",
        "picomatch": "^2.3.1"
      },
      "engines": {
        "node": ">=8.6"
      }
    },
    "node_modules/micromatch/node_modules/picomatch": {
      "version": "2.3.1",
      "resolved": "https://registry.npmjs.org/picomatch/-/picomatch-2.3.1.tgz",
      "integrity": "sha512-JU3teHTNjmE2VCGFzuY8EXzCDVwEqB2a8fsIvwaStHhAWJEeVd1o1QD80CU6+ZdEXXSLbSsuLwJjkCBWqRQUVA==",
      "dev": true,
      "engines": {
        "node": ">=8.6"
      },
      "funding": {
        "url": "https://github.com/sponsors/jonschlinkert"
      }
    },
    "node_modules/p-map": {
      "version": "7.0.2",
      "resolved": "https://registry.npmjs.org/p-map/-/p-map-7.0.2.tgz",
      "integrity": "sha512-z4cYYMMdKHzw4O5UkWJImbZynVIo0lSGTXc7bzB1e/rrDqkgGUNysK/o4bTr+0+xKvvLoTyGqYC4Fgljy9qe1Q==",
      "dev": true,
      "engines": {
        "node": ">=18"
      },
      "funding": {
        "url": "https://github.com/sponsors/sindresorhus"
      }
    },
    "node_modules/path-parse": {
      "version": "1.0.7",
      "resolved": "https://registry.npmjs.org/path-parse/-/path-parse-1.0.7.tgz",
      "integrity": "sha512-LDJzPVEEEPR+y48z93A0Ed0yXb8pAByGWo/k5YYdYgpY2/2EsOsksJrq7lOHxryrVOn1ejG6oAp8ahvOIQD8sw==",
      "dev": true
    },
    "node_modules/path-type": {
      "version": "5.0.0",
      "resolved": "https://registry.npmjs.org/path-type/-/path-type-5.0.0.tgz",
      "integrity": "sha512-5HviZNaZcfqP95rwpv+1HDgUamezbqdSYTyzjTvwtJSnIH+3vnbmWsItli8OFEndS984VT55M3jduxZbX351gg==",
      "dev": true,
      "engines": {
        "node": ">=12"
      },
      "funding": {
        "url": "https://github.com/sponsors/sindresorhus"
      }
    },
    "node_modules/picocolors": {
      "version": "1.1.1",
      "resolved": "https://registry.npmjs.org/picocolors/-/picocolors-1.1.1.tgz",
      "integrity": "sha512-xceH2snhtb5M9liqDsmEw56le376mTZkEX/jEb/RxNFyegNul7eNslCXP9FDj/Lcu0X8KEyMceP2ntpaHrDEVA==",
      "dev": true,
      "optional": true
    },
    "node_modules/picomatch": {
      "version": "4.0.2",
      "resolved": "https://registry.npmjs.org/picomatch/-/picomatch-4.0.2.tgz",
      "integrity": "sha512-M7BAV6Rlcy5u+m6oPhAPFgJTzAioX/6B0DxyvDlo9l8+T3nLKbrczg2WLUyzd45L8RqfUMyGPzekbMvX2Ldkwg==",
      "dev": true,
      "engines": {
        "node": ">=12"
      },
      "funding": {
        "url": "https://github.com/sponsors/jonschlinkert"
      }
    },
    "node_modules/queue-microtask": {
      "version": "1.2.3",
      "resolved": "https://registry.npmjs.org/queue-microtask/-/queue-microtask-1.2.3.tgz",
      "integrity": "sha512-NuaNSa6flKT5JaSYQzJok04JzTL1CA6aGhv5rfLW3PgqA+M2ChpZQnAC8h8i4ZFkBS8X5RqkDBHA7r4hej3K9A==",
      "dev": true,
      "funding": [
        {
          "type": "github",
          "url": "https://github.com/sponsors/feross"
        },
        {
          "type": "patreon",
          "url": "https://www.patreon.com/feross"
        },
        {
          "type": "consulting",
          "url": "https://feross.org/support"
        }
      ]
    },
    "node_modules/resolve": {
      "version": "1.22.8",
      "resolved": "https://registry.npmjs.org/resolve/-/resolve-1.22.8.tgz",
      "integrity": "sha512-oKWePCxqpd6FlLvGV1VU0x7bkPmmCNolxzjMf4NczoDnQcIWrAF+cPtZn5i6n+RfD2d9i0tzpKnG6Yk168yIyw==",
      "dev": true,
      "dependencies": {
        "is-core-module": "^2.13.0",
        "path-parse": "^1.0.7",
        "supports-preserve-symlinks-flag": "^1.0.0"
      },
      "bin": {
        "resolve": "bin/resolve"
      },
      "funding": {
        "url": "https://github.com/sponsors/ljharb"
      }
    },
    "node_modules/reusify": {
      "version": "1.0.4",
      "resolved": "https://registry.npmjs.org/reusify/-/reusify-1.0.4.tgz",
      "integrity": "sha512-U9nH88a3fc/ekCF1l0/UP1IosiuIjyTh7hBvXVMHYgVcfGvt897Xguj2UOLDeI5BG2m7/uwyaLVT6fbtCwTyzw==",
      "dev": true,
      "engines": {
        "iojs": ">=1.0.0",
        "node": ">=0.10.0"
      }
    },
    "node_modules/rollup": {
      "version": "4.27.3",
      "resolved": "https://registry.npmjs.org/rollup/-/rollup-4.27.3.tgz",
      "integrity": "sha512-SLsCOnlmGt9VoZ9Ek8yBK8tAdmPHeppkw+Xa7yDlCEhDTvwYei03JlWo1fdc7YTfLZ4tD8riJCUyAgTbszk1fQ==",
      "dev": true,
      "dependencies": {
        "@types/estree": "1.0.6"
      },
      "bin": {
        "rollup": "dist/bin/rollup"
      },
      "engines": {
        "node": ">=18.0.0",
        "npm": ">=8.0.0"
      },
      "optionalDependencies": {
        "@rollup/rollup-android-arm-eabi": "4.27.3",
        "@rollup/rollup-android-arm64": "4.27.3",
        "@rollup/rollup-darwin-arm64": "4.27.3",
        "@rollup/rollup-darwin-x64": "4.27.3",
        "@rollup/rollup-freebsd-arm64": "4.27.3",
        "@rollup/rollup-freebsd-x64": "4.27.3",
        "@rollup/rollup-linux-arm-gnueabihf": "4.27.3",
        "@rollup/rollup-linux-arm-musleabihf": "4.27.3",
        "@rollup/rollup-linux-arm64-gnu": "4.27.3",
        "@rollup/rollup-linux-arm64-musl": "4.27.3",
        "@rollup/rollup-linux-powerpc64le-gnu": "4.27.3",
        "@rollup/rollup-linux-riscv64-gnu": "4.27.3",
        "@rollup/rollup-linux-s390x-gnu": "4.27.3",
        "@rollup/rollup-linux-x64-gnu": "4.27.3",
        "@rollup/rollup-linux-x64-musl": "4.27.3",
        "@rollup/rollup-win32-arm64-msvc": "4.27.3",
        "@rollup/rollup-win32-ia32-msvc": "4.27.3",
        "@rollup/rollup-win32-x64-msvc": "4.27.3",
        "fsevents": "~2.3.2"
      }
    },
    "node_modules/rollup-plugin-dts": {
      "version": "6.1.1",
      "resolved": "https://registry.npmjs.org/rollup-plugin-dts/-/rollup-plugin-dts-6.1.1.tgz",
      "integrity": "sha512-aSHRcJ6KG2IHIioYlvAOcEq6U99sVtqDDKVhnwt70rW6tsz3tv5OSjEiWcgzfsHdLyGXZ/3b/7b/+Za3Y6r1XA==",
      "dev": true,
      "dependencies": {
        "magic-string": "^0.30.10"
      },
      "engines": {
        "node": ">=16"
      },
      "funding": {
        "url": "https://github.com/sponsors/Swatinem"
      },
      "optionalDependencies": {
        "@babel/code-frame": "^7.24.2"
      },
      "peerDependencies": {
        "rollup": "^3.29.4 || ^4",
        "typescript": "^4.5 || ^5.0"
      }
    },
    "node_modules/run-parallel": {
      "version": "1.2.0",
      "resolved": "https://registry.npmjs.org/run-parallel/-/run-parallel-1.2.0.tgz",
      "integrity": "sha512-5l4VyZR86LZ/lDxZTR6jqL8AFE2S0IFLMP26AbjsLVADxHdhB/c0GUsH+y39UfCi3dzz8OlQuPmnaJOMoDHQBA==",
      "dev": true,
      "funding": [
        {
          "type": "github",
          "url": "https://github.com/sponsors/feross"
        },
        {
          "type": "patreon",
          "url": "https://www.patreon.com/feross"
        },
        {
          "type": "consulting",
          "url": "https://feross.org/support"
        }
      ],
      "dependencies": {
        "queue-microtask": "^1.2.2"
      }
    },
    "node_modules/slash": {
      "version": "5.1.0",
      "resolved": "https://registry.npmjs.org/slash/-/slash-5.1.0.tgz",
      "integrity": "sha512-ZA6oR3T/pEyuqwMgAKT0/hAv8oAXckzbkmR0UkUosQ+Mc4RxGoJkRmwHgHufaenlyAgE1Mxgpdcrf75y6XcnDg==",
      "dev": true,
      "engines": {
        "node": ">=14.16"
      },
      "funding": {
        "url": "https://github.com/sponsors/sindresorhus"
      }
    },
    "node_modules/supports-preserve-symlinks-flag": {
      "version": "1.0.0",
      "resolved": "https://registry.npmjs.org/supports-preserve-symlinks-flag/-/supports-preserve-symlinks-flag-1.0.0.tgz",
      "integrity": "sha512-ot0WnXS9fgdkgIcePe6RHNk1WA8+muPa6cSjeR3V8K27q9BB1rTE3R1p7Hv0z1ZyAc8s6Vvv8DIyWf681MAt0w==",
      "dev": true,
      "engines": {
        "node": ">= 0.4"
      },
      "funding": {
        "url": "https://github.com/sponsors/ljharb"
      }
    },
    "node_modules/to-regex-range": {
      "version": "5.0.1",
      "resolved": "https://registry.npmjs.org/to-regex-range/-/to-regex-range-5.0.1.tgz",
      "integrity": "sha512-65P7iz6X5yEr1cwcgvQxbbIw7Uk3gOy5dIdtZ4rDveLqhrdJP+Li/Hx6tyK0NEb+2GCyneCMJiGqrADCSNk8sQ==",
      "dev": true,
      "dependencies": {
        "is-number": "^7.0.0"
      },
      "engines": {
        "node": ">=8.0"
      }
    },
    "node_modules/typescript": {
      "version": "5.6.3",
      "resolved": "https://registry.npmjs.org/typescript/-/typescript-5.6.3.tgz",
      "integrity": "sha512-hjcS1mhfuyi4WW8IWtjP7brDrG2cuDZukyrYrSauoXGNgx0S7zceP07adYkJycEr56BOUTNPzbInooiN3fn1qw==",
      "dev": true,
      "peer": true,
      "bin": {
        "tsc": "bin/tsc",
        "tsserver": "bin/tsserver"
      },
      "engines": {
        "node": ">=14.17"
      }
    },
    "node_modules/unicorn-magic": {
      "version": "0.1.0",
      "resolved": "https://registry.npmjs.org/unicorn-magic/-/unicorn-magic-0.1.0.tgz",
      "integrity": "sha512-lRfVq8fE8gz6QMBuDM6a+LO3IAzTi05H6gCVaUpir2E1Rwpo4ZUog45KpNXKC/Mn3Yb9UDuHumeFTo9iV/D9FQ==",
      "dev": true,
      "engines": {
        "node": ">=18"
      },
      "funding": {
        "url": "https://github.com/sponsors/sindresorhus"
      }
    }
  }
}
