{
  "name": "@ipsme/msgenv-broadcastchannel",
  "version": "1.1.8",
  "lockfileVersion": 3,
  "requires": true,
  "packages": {
    "": {
      "name": "@ipsme/msgenv-broadcastchannel",
      "version": "1.1.8",
      "license": "GPL-3.0-or-later",
      "dependencies": {
        "@knev/bitlogr": "^3.4.8"
      },
      "devDependencies": {
        "@rollup/plugin-node-resolve": "^16.0.3",
        "del-cli": "^7.0.0",
        "rollup": "^4.63.1",
        "rollup-plugin-dts": "^6.5.1"
      }
    },
    "node_modules/@babel/code-frame": {
      "version": "8.0.0",
      "resolved": "https://registry.npmjs.org/@babel/code-frame/-/code-frame-8.0.0.tgz",
      "integrity": "sha512-dYYg153EyN2Ekbqw2zAsbd6/JR+9N2SEoC7YV2GyyqMM7x9bLDTjBD6XBhSMLH0wtIVyJj03jWNriQhaN+eoCw==",
      "dev": true,
      "license": "MIT",
      "optional": true,
      "dependencies": {
        "@babel/helper-validator-identifier": "^8.0.0",
        "js-tokens": "^10.0.0"
      },
      "engines": {
        "node": "^22.18.0 || >=24.11.0"
      }
    },
    "node_modules/@babel/helper-validator-identifier": {
      "version": "8.0.4",
      "resolved": "https://registry.npmjs.org/@babel/helper-validator-identifier/-/helper-validator-identifier-8.0.4.tgz",
      "integrity": "sha512-4wFaiLd0bVo4cIoTXI3zKI038NIWE/cr3jvBjejOVYVxV/m8Ltav1USiGzG1fmS5J2RhgEOgXNNK46cRPnRsrg==",
      "dev": true,
      "license": "MIT",
      "optional": true,
      "engines": {
        "node": "^22.18.0 || >=24.11.0"
      }
    },
    "node_modules/@jridgewell/gen-mapping": {
      "version": "0.3.13",
      "resolved": "https://registry.npmjs.org/@jridgewell/gen-mapping/-/gen-mapping-0.3.13.tgz",
      "integrity": "sha512-2kkt/7niJ6MgEPxF0bYdQ6etZaA+fQvDcLKckhy1yIQOzaoKjBBjSj63/aLVjYE3qhRt5dvM+uUyfCg6UKCBbA==",
      "dev": true,
      "license": "MIT",
      "dependencies": {
        "@jridgewell/sourcemap-codec": "^1.5.0",
        "@jridgewell/trace-mapping": "^0.3.24"
      }
    },
    "node_modules/@jridgewell/remapping": {
      "version": "2.3.5",
      "resolved": "https://registry.npmjs.org/@jridgewell/remapping/-/remapping-2.3.5.tgz",
      "integrity": "sha512-LI9u/+laYG4Ds1TDKSJW2YPrIlcVYOwi2fUC6xB43lueCjgxV4lffOCZCtYFiH6TNOX+tQKXx97T4IKHbhyHEQ==",
      "dev": true,
      "license": "MIT",
      "dependencies": {
        "@jridgewell/gen-mapping": "^0.3.5",
        "@jridgewell/trace-mapping": "^0.3.24"
      }
    },
    "node_modules/@jridgewell/resolve-uri": {
      "version": "3.1.2",
      "resolved": "https://registry.npmjs.org/@jridgewell/resolve-uri/-/resolve-uri-3.1.2.tgz",
      "integrity": "sha512-bRISgCIjP20/tbWSPWMEi54QVPRZExkuD9lJL+UIxUKtwVJA8wW1Trb1jMs1RFXo1CBTNZ/5hpC9QvmKWdopKw==",
      "dev": true,
      "license": "MIT",
      "engines": {
        "node": ">=6.0.0"
      }
    },
    "node_modules/@jridgewell/sourcemap-codec": {
      "version": "1.5.5",
      "resolved": "https://registry.npmjs.org/@jridgewell/sourcemap-codec/-/sourcemap-codec-1.5.5.tgz",
      "integrity": "sha512-cYQ9310grqxueWbl+WuIUIaiUaDcj7WOq5fVhEljNVgRfOUhY9fy2zTvfoqWsnebh8Sl70VScFbICvJnLKB0Og==",
      "dev": true,
      "license": "MIT"
    },
    "node_modules/@jridgewell/trace-mapping": {
      "version": "0.3.31",
      "resolved": "https://registry.npmjs.org/@jridgewell/trace-mapping/-/trace-mapping-0.3.31.tgz",
      "integrity": "sha512-zzNR+SdQSDJzc8joaeP8QQoCQr8NuYx2dIIytl1QeBEZHJ9uW6hebsrYgbz8hJwUQao3TWCMtmfV8Nu1twOLAw==",
      "dev": true,
      "license": "MIT",
      "dependencies": {
        "@jridgewell/resolve-uri": "^3.1.0",
        "@jridgewell/sourcemap-codec": "^1.4.14"
      }
    },
    "node_modules/@knev/bitlogr": {
      "version": "3.4.8",
      "resolved": "https://registry.npmjs.org/@knev/bitlogr/-/bitlogr-3.4.8.tgz",
      "integrity": "sha512-2K1807d7dPGUkW9dV2CKVbjpV07u0J6A7vIWQjIdhVICzlSCjMym6cSz8UKskAEzCT0ZyKwhaa037cpZKCcApA==",
      "license": "ISC"
    },
    "node_modules/@napi-rs/lzma-linux-x64-gnu": {
      "version": "1.5.1",
      "resolved": "https://registry.npmjs.org/@napi-rs/lzma-linux-x64-gnu/-/lzma-linux-x64-gnu-1.5.1.tgz",
      "integrity": "sha512-oTXEIha4SsuXdTA4Iyskj0kpdx2yVXdhd75c2v3xGrHFfVMsbhTPZU/nMPL4sWKo4pBHm3aucLaqGlF696dTyQ==",
      "cpu": [
        "x64"
      ],
      "dev": true,
      "libc": [
        "glibc"
      ],
      "license": "MIT",
      "optional": true,
      "os": [
        "linux"
      ],
      "engines": {
        "node": "^22.20 || ^24.12 || >=25"
      }
    },
    "node_modules/@nodelib/fs.scandir": {
      "version": "2.1.5",
      "resolved": "https://registry.npmjs.org/@nodelib/fs.scandir/-/fs.scandir-2.1.5.tgz",
      "integrity": "sha512-vq24Bq3ym5HEQm2NKCr3yXDwjc7vTsEThRDnkp2DK9p1uqLR+DHurm/NOTo0KG7HYHU7eppKZj3MyqYuMBf62g==",
      "dev": true,
      "license": "MIT",
      "dependencies": {
        "@nodelib/fs.stat": "2.0.5",
        "run-parallel": "^1.1.9"
      },
      "engines": {
        "node": ">= 8"
      }
    },
    "node_modules/@nodelib/fs.stat": {
      "version": "2.0.5",
      "resolved": "https://registry.npmjs.org/@nodelib/fs.stat/-/fs.stat-2.0.5.tgz",
      "integrity": "sha512-RkhPPp2zrqDAQA/2jNhnztcPAlv64XdhIp7a7454A5ovI7Bukxgt7MX7udwAu3zg1DcpPU0rz3VV1SeaqvY4+A==",
      "dev": true,
      "license": "MIT",
      "engines": {
        "node": ">= 8"
      }
    },
    "node_modules/@nodelib/fs.walk": {
      "version": "1.2.8",
      "resolved": "https://registry.npmjs.org/@nodelib/fs.walk/-/fs.walk-1.2.8.tgz",
      "integrity": "sha512-oGB+UxlgWcgQkgwo8GcEGwemoTFt3FIO9ababBmaGwXIoBKZ+GTy0pP185beGg7Llih/NSHSV2XAs1lnznocSg==",
      "dev": true,
      "license": "MIT",
      "dependencies": {
        "@nodelib/fs.scandir": "2.1.5",
        "fastq": "^1.6.0"
      },
      "engines": {
        "node": ">= 8"
      }
    },
    "node_modules/@rollup/plugin-node-resolve": {
      "version": "16.0.3",
      "resolved": "https://registry.npmjs.org/@rollup/plugin-node-resolve/-/plugin-node-resolve-16.0.3.tgz",
      "integrity": "sha512-lUYM3UBGuM93CnMPG1YocWu7X802BrNF3jW2zny5gQyLQgRFJhV1Sq0Zi74+dh/6NBx1DxFC4b4GXg9wUCG5Qg==",
      "dev": true,
      "license": "MIT",
      "dependencies": {
        "@rollup/pluginutils": "^5.0.1",
        "@types/resolve": "1.20.2",
        "deepmerge": "^4.2.2",
        "is-module": "^1.0.0",
        "resolve": "^1.22.1"
      },
      "engines": {
        "node": ">=14.0.0"
      },
      "peerDependencies": {
        "rollup": "^2.78.0||^3.0.0||^4.0.0"
      },
      "peerDependenciesMeta": {
        "rollup": {
          "optional": true
        }
      }
    },
    "node_modules/@rollup/pluginutils": {
      "version": "5.1.3",
      "resolved": "https://registry.npmjs.org/@rollup/pluginutils/-/pluginutils-5.1.3.tgz",
      "integrity": "sha512-Pnsb6f32CD2W3uCaLZIzDmeFyQ2b8UWMFI7xtwUezpcGBDVDW6y9XgAWIlARiGAo6eNF5FK5aQTr0LFyNyqq5A==",
      "dev": true,
      "dependencies": {
        "@types/estree": "^1.0.0",
        "estree-walker": "^2.0.2",
        "picomatch": "^4.0.2"
      },
      "engines": {
        "node": ">=14.0.0"
      },
      "peerDependencies": {
        "rollup": "^1.20.0||^2.0.0||^3.0.0||^4.0.0"
      },
      "peerDependenciesMeta": {
        "rollup": {
          "optional": true
        }
      }
    },
    "node_modules/@rollup/rollup-android-arm-eabi": {
      "version": "4.63.1",
      "resolved": "https://registry.npmjs.org/@rollup/rollup-android-arm-eabi/-/rollup-android-arm-eabi-4.63.1.tgz",
      "integrity": "sha512-UZ8sUxPTiHWYX9QNdJedb1kDZSpS1t/VPWBWGSgqHNi9w3Cu6IXvu2mzbhiTiPvtrqgTQJ+zqiAq2iPIPilpaQ==",
      "cpu": [
        "arm"
      ],
      "dev": true,
      "license": "MIT",
      "optional": true,
      "os": [
        "android"
      ]
    },
    "node_modules/@rollup/rollup-android-arm64": {
      "version": "4.63.1",
      "resolved": "https://registry.npmjs.org/@rollup/rollup-android-arm64/-/rollup-android-arm64-4.63.1.tgz",
      "integrity": "sha512-cQ4nFQABN5cDvDpbvJ7bMStCpnaVxynZrRMfUJYgxcIk9Sh54FIO1vtfkg0B69REjER77ioZ/ov+eAApx/KmLQ==",
      "cpu": [
        "arm64"
      ],
      "dev": true,
      "license": "MIT",
      "optional": true,
      "os": [
        "android"
      ]
    },
    "node_modules/@rollup/rollup-darwin-arm64": {
      "version": "4.63.1",
      "resolved": "https://registry.npmjs.org/@rollup/rollup-darwin-arm64/-/rollup-darwin-arm64-4.63.1.tgz",
      "integrity": "sha512-FQNqd1lRy/0QhDk3xeRIkSBiCpXCiDnZO3YLVdcDKN1UBiKToNftCzcXYNLshmPDUMlu2TdeS8tGcsU6f3YF1Q==",
      "cpu": [
        "arm64"
      ],
      "dev": true,
      "license": "MIT",
      "optional": true,
      "os": [
        "darwin"
      ]
    },
    "node_modules/@rollup/rollup-darwin-x64": {
      "version": "4.63.1",
      "resolved": "https://registry.npmjs.org/@rollup/rollup-darwin-x64/-/rollup-darwin-x64-4.63.1.tgz",
      "integrity": "sha512-pvD16V939D3CloK0+qikpGaxiPrDUXTe7Y5cWOMkMSy7m1cawa8EGy/kXYi/G/cKAC4HDAbSnzCIk1WmsoOKXg==",
      "cpu": [
        "x64"
      ],
      "dev": true,
      "license": "MIT",
      "optional": true,
      "os": [
        "darwin"
      ]
    },
    "node_modules/@rollup/rollup-freebsd-arm64": {
      "version": "4.63.1",
      "resolved": "https://registry.npmjs.org/@rollup/rollup-freebsd-arm64/-/rollup-freebsd-arm64-4.63.1.tgz",
      "integrity": "sha512-pcFGeL2345VwdTnJhA6zLbew+YgWB0qBG2+dMtXjCicf6+rm6kO6cOoh5VnTe0ZMrMRgRyuHmCJxZWrIdzYuOw==",
      "cpu": [
        "arm64"
      ],
      "dev": true,
      "license": "MIT",
      "optional": true,
      "os": [
        "freebsd"
      ]
    },
    "node_modules/@rollup/rollup-freebsd-x64": {
      "version": "4.63.1",
      "resolved": "https://registry.npmjs.org/@rollup/rollup-freebsd-x64/-/rollup-freebsd-x64-4.63.1.tgz",
      "integrity": "sha512-mRJlqSRulVzcKq/LKA6ICSIc3K/l4fzlVn/gePn2nXIHy8seRi5z/eeRE0d/XMBxcMldiXtQTSpRj0tkkC3g8Q==",
      "cpu": [
        "x64"
      ],
      "dev": true,
      "license": "MIT",
      "optional": true,
      "os": [
        "freebsd"
      ]
    },
    "node_modules/@rollup/rollup-linux-arm-gnueabihf": {
      "version": "4.63.1",
      "resolved": "https://registry.npmjs.org/@rollup/rollup-linux-arm-gnueabihf/-/rollup-linux-arm-gnueabihf-4.63.1.tgz",
      "integrity": "sha512-YDUNvVM85TI3g/1OpnqKP1h4NeW/j64DfWMf+G3M809xNk1bJSnpFp4sh83NpmVE5DXnkh8ULor4LTVZKoYLHw==",
      "cpu": [
        "arm"
      ],
      "dev": true,
      "libc": [
        "glibc"
      ],
      "license": "MIT",
      "optional": true,
      "os": [
        "linux"
      ]
    },
    "node_modules/@rollup/rollup-linux-arm-musleabihf": {
      "version": "4.63.1",
      "resolved": "https://registry.npmjs.org/@rollup/rollup-linux-arm-musleabihf/-/rollup-linux-arm-musleabihf-4.63.1.tgz",
      "integrity": "sha512-7Mcn71p9ZuQFAj+h+dhQXy/yeLePRS2yKRnmW1DijA9thKO5qap0GNOIQK4yQ6iP3SU0Mrb/yWo8h8vgRba8lw==",
      "cpu": [
        "arm"
      ],
      "dev": true,
      "libc": [
        "musl"
      ],
      "license": "MIT",
      "optional": true,
      "os": [
        "linux"
      ]
    },
    "node_modules/@rollup/rollup-linux-arm64-gnu": {
      "version": "4.63.1",
      "resolved": "https://registry.npmjs.org/@rollup/rollup-linux-arm64-gnu/-/rollup-linux-arm64-gnu-4.63.1.tgz",
      "integrity": "sha512-4YiLQTX6U4CSl0L9cluep9A9W6UmTfqBDc2/CH6wlu54pl4E7Jn3cOD8oxzvBDEGk/JMKgJ47C8g+radF7mwvg==",
      "cpu": [
        "arm64"
      ],
      "dev": true,
      "libc": [
        "glibc"
      ],
      "license": "MIT",
      "optional": true,
      "os": [
        "linux"
      ]
    },
    "node_modules/@rollup/rollup-linux-arm64-musl": {
      "version": "4.63.1",
      "resolved": "https://registry.npmjs.org/@rollup/rollup-linux-arm64-musl/-/rollup-linux-arm64-musl-4.63.1.tgz",
      "integrity": "sha512-2ra8F7w8OquwZN9z2/fKFnli69wa8PLwaVzRMIPGb13ByMJwC28Fbp8YcVGoUhlYMTt7j5j9bNgpysrN2UM+vw==",
      "cpu": [
        "arm64"
      ],
      "dev": true,
      "libc": [
        "musl"
      ],
      "license": "MIT",
      "optional": true,
      "os": [
        "linux"
      ]
    },
    "node_modules/@rollup/rollup-linux-loong64-gnu": {
      "version": "4.63.1",
      "resolved": "https://registry.npmjs.org/@rollup/rollup-linux-loong64-gnu/-/rollup-linux-loong64-gnu-4.63.1.tgz",
      "integrity": "sha512-Sy20ncyhjmBP0Ml+UvQbimjlk6VFgjW5uNP+qqwHB00mTE8Bl2C1TuHTlRwK2YoXeZbee5lP2XevBWVkAQAtSQ==",
      "cpu": [
        "loong64"
      ],
      "dev": true,
      "libc": [
        "glibc"
      ],
      "license": "MIT",
      "optional": true,
      "os": [
        "linux"
      ]
    },
    "node_modules/@rollup/rollup-linux-loong64-musl": {
      "version": "4.63.1",
      "resolved": "https://registry.npmjs.org/@rollup/rollup-linux-loong64-musl/-/rollup-linux-loong64-musl-4.63.1.tgz",
      "integrity": "sha512-noITLp8oNjYliPnGWmLyelIHwULGqbHloQHGw1rtxbWhTuWooRpnZarZQJ1y9EUC4szuCusCc+HEpUtxpIwYvA==",
      "cpu": [
        "loong64"
      ],
      "dev": true,
      "libc": [
        "musl"
      ],
      "license": "MIT",
      "optional": true,
      "os": [
        "linux"
      ]
    },
    "node_modules/@rollup/rollup-linux-ppc64-gnu": {
      "version": "4.63.1",
      "resolved": "https://registry.npmjs.org/@rollup/rollup-linux-ppc64-gnu/-/rollup-linux-ppc64-gnu-4.63.1.tgz",
      "integrity": "sha512-hlxxXd+F1mWiAcaFR7Sv9ZQT6m6UfI8+Vy/kFJzztq2pDMU/0wZ9sish0iszNZvsQDo8Gc0i5yuFEOz5dDf6fA==",
      "cpu": [
        "ppc64"
      ],
      "dev": true,
      "libc": [
        "glibc"
      ],
      "license": "MIT",
      "optional": true,
      "os": [
        "linux"
      ]
    },
    "node_modules/@rollup/rollup-linux-ppc64-musl": {
      "version": "4.63.1",
      "resolved": "https://registry.npmjs.org/@rollup/rollup-linux-ppc64-musl/-/rollup-linux-ppc64-musl-4.63.1.tgz",
      "integrity": "sha512-EF7OpqQTQ/BvGqLzUi4rEHuagCV9MugAUXSHemwPW5vxZ75RR+jxO/2j95Ph2dalMpFHSVECjRoioHZgA9zOYA==",
      "cpu": [
        "ppc64"
      ],
      "dev": true,
      "libc": [
        "musl"
      ],
      "license": "MIT",
      "optional": true,
      "os": [
        "linux"
      ]
    },
    "node_modules/@rollup/rollup-linux-riscv64-gnu": {
      "version": "4.63.1",
      "resolved": "https://registry.npmjs.org/@rollup/rollup-linux-riscv64-gnu/-/rollup-linux-riscv64-gnu-4.63.1.tgz",
      "integrity": "sha512-wQO3JesW9PRkwlabQ27y7sPfVOOTLRG73I4F2UYHG5PXun3J9U3y+b7ezVKSYbsvSKGQ1k1cq8Qlun4C9kLt3w==",
      "cpu": [
        "riscv64"
      ],
      "dev": true,
      "libc": [
        "glibc"
      ],
      "license": "MIT",
      "optional": true,
      "os": [
        "linux"
      ]
    },
    "node_modules/@rollup/rollup-linux-riscv64-musl": {
      "version": "4.63.1",
      "resolved": "https://registry.npmjs.org/@rollup/rollup-linux-riscv64-musl/-/rollup-linux-riscv64-musl-4.63.1.tgz",
      "integrity": "sha512-ouAGwhO6wHRXdnOVCOsB0tRFkA7nhNB2Nwax6oECXN0YiN8EYUTBAOudADOB1PI+yDL61TeNx/u7MVCzksNbkQ==",
      "cpu": [
        "riscv64"
      ],
      "dev": true,
      "libc": [
        "musl"
      ],
      "license": "MIT",
      "optional": true,
      "os": [
        "linux"
      ]
    },
    "node_modules/@rollup/rollup-linux-s390x-gnu": {
      "version": "4.63.1",
      "resolved": "https://registry.npmjs.org/@rollup/rollup-linux-s390x-gnu/-/rollup-linux-s390x-gnu-4.63.1.tgz",
      "integrity": "sha512-q2R38Sn+1J8RxhfJ+T54wSWmyKXWec+9jgDfqO2AtArEqHO5R2aeayp5H5OYLr5UYDVGsVaZPEFUooMhYCdz5A==",
      "cpu": [
        "s390x"
      ],
      "dev": true,
      "libc": [
        "glibc"
      ],
      "license": "MIT",
      "optional": true,
      "os": [
        "linux"
      ]
    },
    "node_modules/@rollup/rollup-linux-x64-gnu": {
      "version": "4.63.1",
      "resolved": "https://registry.npmjs.org/@rollup/rollup-linux-x64-gnu/-/rollup-linux-x64-gnu-4.63.1.tgz",
      "integrity": "sha512-gfI5T24WLLuFfSKw7Go/zDXjAAV0fny0swTaDv+WjK7vqcw4cRhFfdsyKL1n+ukI+ooBxn3bVQnyrn06WpI50w==",
      "cpu": [
        "x64"
      ],
      "dev": true,
      "libc": [
        "glibc"
      ],
      "license": "MIT",
      "optional": true,
      "os": [
        "linux"
      ]
    },
    "node_modules/@rollup/rollup-linux-x64-musl": {
      "version": "4.63.1",
      "resolved": "https://registry.npmjs.org/@rollup/rollup-linux-x64-musl/-/rollup-linux-x64-musl-4.63.1.tgz",
      "integrity": "sha512-4h6XqthmB4Hspji84wvgk+ElodTsGj+dbZqHJHHtKxj4mYq0ANSEEPX9ys3moJueqsRjwpaJYH7874Itwnj2ow==",
      "cpu": [
        "x64"
      ],
      "dev": true,
      "libc": [
        "musl"
      ],
      "license": "MIT",
      "optional": true,
      "os": [
        "linux"
      ]
    },
    "node_modules/@rollup/rollup-openbsd-x64": {
      "version": "4.63.1",
      "resolved": "https://registry.npmjs.org/@rollup/rollup-openbsd-x64/-/rollup-openbsd-x64-4.63.1.tgz",
      "integrity": "sha512-dlfCOa87o1VAYegLQ9EKilx2JCeRofiyPGhTCmqnuXZ6bMPiycO1rq1+sKoulAp7pGLIsTIw+1x5R+zgh5LhhA==",
      "cpu": [
        "x64"
      ],
      "dev": true,
      "license": "MIT",
      "optional": true,
      "os": [
        "openbsd"
      ]
    },
    "node_modules/@rollup/rollup-openharmony-arm64": {
      "version": "4.63.1",
      "resolved": "https://registry.npmjs.org/@rollup/rollup-openharmony-arm64/-/rollup-openharmony-arm64-4.63.1.tgz",
      "integrity": "sha512-cjkLbOlfcm3QGhMM1J5zaZjsw1GggbN6rw9UTSSRrPrR1KkcXnN7Uq9rPw34xImQ9VOY9GN+6u2Zj80B9ptkcw==",
      "cpu": [
        "arm64"
      ],
      "dev": true,
      "license": "MIT",
      "optional": true,
      "os": [
        "openharmony"
      ]
    },
    "node_modules/@rollup/rollup-win32-arm64-msvc": {
      "version": "4.63.1",
      "resolved": "https://registry.npmjs.org/@rollup/rollup-win32-arm64-msvc/-/rollup-win32-arm64-msvc-4.63.1.tgz",
      "integrity": "sha512-Li1KdUnWGE4N3e1F/B4RTB1ms+nG4WBgjByO46pkeBVX/2UBsY53xf5vK9WygVmnH3RwncIST7lkSdLSY6P9lg==",
      "cpu": [
        "arm64"
      ],
      "dev": true,
      "license": "MIT",
      "optional": true,
      "os": [
        "win32"
      ]
    },
    "node_modules/@rollup/rollup-win32-ia32-msvc": {
      "version": "4.63.1",
      "resolved": "https://registry.npmjs.org/@rollup/rollup-win32-ia32-msvc/-/rollup-win32-ia32-msvc-4.63.1.tgz",
      "integrity": "sha512-t4ZYOSoLTgwhuFMrmTMLx/+i1DQVK7HYqMc6kY46EApwi8X0nIVphzdNoThU3xt6n+N5urG1/gxBdCaKDLavfg==",
      "cpu": [
        "ia32"
      ],
      "dev": true,
      "license": "MIT",
      "optional": true,
      "os": [
        "win32"
      ]
    },
    "node_modules/@rollup/rollup-win32-x64-gnu": {
      "version": "4.63.1",
      "resolved": "https://registry.npmjs.org/@rollup/rollup-win32-x64-gnu/-/rollup-win32-x64-gnu-4.63.1.tgz",
      "integrity": "sha512-RgroPfMmKlD1RzSDxvwgcPiy2HNQKoYV7OmwIXDsk73uKW5t6B/V8KIy27SMv/FNXFo/oSBtWc9J0X7t91ezZg==",
      "cpu": [
        "x64"
      ],
      "dev": true,
      "license": "MIT",
      "optional": true,
      "os": [
        "win32"
      ]
    },
    "node_modules/@rollup/rollup-win32-x64-msvc": {
      "version": "4.63.1",
      "resolved": "https://registry.npmjs.org/@rollup/rollup-win32-x64-msvc/-/rollup-win32-x64-msvc-4.63.1.tgz",
      "integrity": "sha512-at8QVep6S3h5Y6gSbdGU06bRY5WJkf6WUduM9YtvYMbYhB1MOFfUgc6kehitQXzOtMSaT70q7f9ydPhpqu821w==",
      "cpu": [
        "x64"
      ],
      "dev": true,
      "license": "MIT",
      "optional": true,
      "os": [
        "win32"
      ]
    },
    "node_modules/@sindresorhus/merge-streams": {
      "version": "2.3.0",
      "resolved": "https://registry.npmjs.org/@sindresorhus/merge-streams/-/merge-streams-2.3.0.tgz",
      "integrity": "sha512-LtoMMhxAlorcGhmFYI+LhPgbPZCkgP6ra1YL604EeF6U98pLlQ3iWIGMdWSC+vWmPBWBNgmDBAhnAobLROJmwg==",
      "dev": true,
      "license": "MIT",
      "engines": {
        "node": ">=18"
      },
      "funding": {
        "url": "https://github.com/sponsors/sindresorhus"
      }
    },
    "node_modules/@types/estree": {
      "version": "1.0.9",
      "resolved": "https://registry.npmjs.org/@types/estree/-/estree-1.0.9.tgz",
      "integrity": "sha512-GhdPgy1el4/ImP05X05Uw4cw2/M93BCUmnEvWZNStlCzEKME4Fkk+YpoA5OiHNQmoS7Cafb8Xa3Pya8m1Qrzeg==",
      "dev": true,
      "license": "MIT"
    },
    "node_modules/@types/resolve": {
      "version": "1.20.2",
      "resolved": "https://registry.npmjs.org/@types/resolve/-/resolve-1.20.2.tgz",
      "integrity": "sha512-60BCwRFOZCQhDncwQdxxeOEEkbc5dIMccYLwbxsS4TUNeVECQ/pBJ0j09mrHOl/JJvpRPGwO9SvE4nR2Nb/a4Q==",
      "dev": true
    },
    "node_modules/braces": {
      "version": "3.0.3",
      "resolved": "https://registry.npmjs.org/braces/-/braces-3.0.3.tgz",
      "integrity": "sha512-yQbXgO/OSZVD2IsiLlro+7Hf6Q18EJrKSEsdoMzKePKXct3gvD8oLcOQdIzGupr5Fj+EDe8gO/lxc1BzfMpxvA==",
      "dev": true,
      "license": "MIT",
      "dependencies": {
        "fill-range": "^7.1.1"
      },
      "engines": {
        "node": ">=8"
      }
    },
    "node_modules/convert-source-map": {
      "version": "2.0.0",
      "resolved": "https://registry.npmjs.org/convert-source-map/-/convert-source-map-2.0.0.tgz",
      "integrity": "sha512-Kvp459HrV2FEJ1CAsi1Ku+MY3kasH19TFykTz2xWmMeq6bk2NU3XXvfJ+Q61m0xktWwt+1HSYf3JZsTms3aRJg==",
      "dev": true,
      "license": "MIT"
    },
    "node_modules/deepmerge": {
      "version": "4.3.1",
      "resolved": "https://registry.npmjs.org/deepmerge/-/deepmerge-4.3.1.tgz",
      "integrity": "sha512-3sUqbMEc77XqpdNO7FRyRog+eW3ph+GYCbj+rK+uYyRMuwsVy0rMiVtPn+QJlKFvWP/1PYpapqYn0Me2knFn+A==",
      "dev": true,
      "engines": {
        "node": ">=0.10.0"
      }
    },
    "node_modules/del": {
      "version": "8.0.1",
      "resolved": "https://registry.npmjs.org/del/-/del-8.0.1.tgz",
      "integrity": "sha512-gPqh0mKTPvaUZGAuHbrBUYKZWBNAeHG7TU3QH5EhVwPMyKvmfJaNXhcD2jTcXsJRRcffuho4vaYweu80dRrMGA==",
      "dev": true,
      "license": "MIT",
      "dependencies": {
        "globby": "^14.0.2",
        "is-glob": "^4.0.3",
        "is-path-cwd": "^3.0.0",
        "is-path-inside": "^4.0.0",
        "p-map": "^7.0.2",
        "presentable-error": "^0.0.1",
        "slash": "^5.1.0"
      },
      "engines": {
        "node": ">=18"
      },
      "funding": {
        "url": "https://github.com/sponsors/sindresorhus"
      }
    },
    "node_modules/del-cli": {
      "version": "7.0.0",
      "resolved": "https://registry.npmjs.org/del-cli/-/del-cli-7.0.0.tgz",
      "integrity": "sha512-fRl4pWJYu9WFQH8jXdQUYvcD0IMtij9WEc7qmB7xOyJEweNJNuE7iKmqNeoOT1DbBUjtRjxlw8Y63qKBI/NQ1g==",
      "dev": true,
      "license": "MIT",
      "dependencies": {
        "del": "^8.0.1",
        "meow": "^14.0.0",
        "presentable-error": "^0.0.1"
      },
      "bin": {
        "del": "cli.js",
        "del-cli": "cli.js"
      },
      "engines": {
        "node": ">=18"
      },
      "funding": {
        "url": "https://github.com/sponsors/sindresorhus"
      }
    },
    "node_modules/estree-walker": {
      "version": "2.0.2",
      "resolved": "https://registry.npmjs.org/estree-walker/-/estree-walker-2.0.2.tgz",
      "integrity": "sha512-Rfkk/Mp/DL7JVje3u18FxFujQlTNR2q6QfMSMB7AvCBx91NGj/ba3kCfza0f6dVDbw7YlRf/nDrn7pQrCCyQ/w==",
      "dev": true
    },
    "node_modules/fast-glob": {
      "version": "3.3.3",
      "resolved": "https://registry.npmjs.org/fast-glob/-/fast-glob-3.3.3.tgz",
      "integrity": "sha512-7MptL8U0cqcFdzIzwOTHoilX9x5BrNqye7Z/LuC7kCMRio1EMSyqRK3BEAUD7sXRq4iT4AzTVuZdhgQ2TCvYLg==",
      "dev": true,
      "license": "MIT",
      "dependencies": {
        "@nodelib/fs.stat": "^2.0.2",
        "@nodelib/fs.walk": "^1.2.3",
        "glob-parent": "^5.1.2",
        "merge2": "^1.3.0",
        "micromatch": "^4.0.8"
      },
      "engines": {
        "node": ">=8.6.0"
      }
    },
    "node_modules/fastq": {
      "version": "1.19.1",
      "resolved": "https://registry.npmjs.org/fastq/-/fastq-1.19.1.tgz",
      "integrity": "sha512-GwLTyxkCXjXbxqIhTsMI2Nui8huMPtnxg7krajPJAjnEG/iiOS7i+zCtWGZR9G0NBKbXKh6X9m9UIsYX/N6vvQ==",
      "dev": true,
      "license": "ISC",
      "dependencies": {
        "reusify": "^1.0.4"
      }
    },
    "node_modules/fill-range": {
      "version": "7.1.1",
      "resolved": "https://registry.npmjs.org/fill-range/-/fill-range-7.1.1.tgz",
      "integrity": "sha512-YsGpe3WHLK8ZYi4tWDg2Jy3ebRz2rXowDxnld4bkQB00cc/1Zw9AWnC0i9ztDJitivtQvaI9KaLyKrc+hBW0yg==",
      "dev": true,
      "license": "MIT",
      "dependencies": {
        "to-regex-range": "^5.0.1"
      },
      "engines": {
        "node": ">=8"
      }
    },
    "node_modules/fsevents": {
      "version": "2.3.3",
      "resolved": "https://registry.npmjs.org/fsevents/-/fsevents-2.3.3.tgz",
      "integrity": "sha512-5xoDfX+fL7faATnagmWPpbFtwh/R77WmMMqqHGS65C3vvB0YHrgF+B1YmZ3441tMj5n63k0212XNoJwzlhffQw==",
      "dev": true,
      "hasInstallScript": true,
      "optional": true,
      "os": [
        "darwin"
      ],
      "engines": {
        "node": "^8.16.0 || ^10.6.0 || >=11.0.0"
      }
    },
    "node_modules/function-bind": {
      "version": "1.1.2",
      "resolved": "https://registry.npmjs.org/function-bind/-/function-bind-1.1.2.tgz",
      "integrity": "sha512-7XHNxH7qX9xG5mIwxkhumTox/MIRNcOgDrxWsMt2pAr23WHp6MrRlN7FBSFpCpr+oVO0F744iUgR82nJMfG2SA==",
      "dev": true,
      "funding": {
        "url": "https://github.com/sponsors/ljharb"
      }
    },
    "node_modules/glob-parent": {
      "version": "5.1.2",
      "resolved": "https://registry.npmjs.org/glob-parent/-/glob-parent-5.1.2.tgz",
      "integrity": "sha512-AOIgSQCepiJYwP3ARnGx+5VnTu2HBYdzbGP45eLw1vr3zB3vZLeyed1sC9hnbcOc9/SrMyM5RPQrkGz4aS9Zow==",
      "dev": true,
      "license": "ISC",
      "dependencies": {
        "is-glob": "^4.0.1"
      },
      "engines": {
        "node": ">= 6"
      }
    },
    "node_modules/globby": {
      "version": "14.1.0",
      "resolved": "https://registry.npmjs.org/globby/-/globby-14.1.0.tgz",
      "integrity": "sha512-0Ia46fDOaT7k4og1PDW4YbodWWr3scS2vAr2lTbsplOt2WkKp0vQbkI9wKis/T5LV/dqPjO3bpS/z6GTJB82LA==",
      "dev": true,
      "license": "MIT",
      "dependencies": {
        "@sindresorhus/merge-streams": "^2.1.0",
        "fast-glob": "^3.3.3",
        "ignore": "^7.0.3",
        "path-type": "^6.0.0",
        "slash": "^5.1.0",
        "unicorn-magic": "^0.3.0"
      },
      "engines": {
        "node": ">=18"
      },
      "funding": {
        "url": "https://github.com/sponsors/sindresorhus"
      }
    },
    "node_modules/hasown": {
      "version": "2.0.2",
      "resolved": "https://registry.npmjs.org/hasown/-/hasown-2.0.2.tgz",
      "integrity": "sha512-0hJU9SCPvmMzIBdZFqNPXWa6dqh7WdH0cII9y+CyS8rG3nL48Bclra9HmKhVVUHyPWNH5Y7xDwAB7bfgSjkUMQ==",
      "dev": true,
      "dependencies": {
        "function-bind": "^1.1.2"
      },
      "engines": {
        "node": ">= 0.4"
      }
    },
    "node_modules/ignore": {
      "version": "7.0.5",
      "resolved": "https://registry.npmjs.org/ignore/-/ignore-7.0.5.tgz",
      "integrity": "sha512-Hs59xBNfUIunMFgWAbGX5cq6893IbWg4KnrjbYwX3tx0ztorVgTDA6B2sxf8ejHJ4wz8BqGUMYlnzNBer5NvGg==",
      "dev": true,
      "license": "MIT",
      "engines": {
        "node": ">= 4"
      }
    },
    "node_modules/is-core-module": {
      "version": "2.15.1",
      "resolved": "https://registry.npmjs.org/is-core-module/-/is-core-module-2.15.1.tgz",
      "integrity": "sha512-z0vtXSwucUJtANQWldhbtbt7BnL0vxiFjIdDLAatwhDYty2bad6s+rijD6Ri4YuYJubLzIJLUidCh09e1djEVQ==",
      "dev": true,
      "dependencies": {
        "hasown": "^2.0.2"
      },
      "engines": {
        "node": ">= 0.4"
      },
      "funding": {
        "url": "https://github.com/sponsors/ljharb"
      }
    },
    "node_modules/is-extglob": {
      "version": "2.1.1",
      "resolved": "https://registry.npmjs.org/is-extglob/-/is-extglob-2.1.1.tgz",
      "integrity": "sha512-SbKbANkN603Vi4jEZv49LeVJMn4yGwsbzZworEoyEiutsN3nJYdbO36zfhGJ6QEDpOZIFkDtnq5JRxmvl3jsoQ==",
      "dev": true,
      "license": "MIT",
      "engines": {
        "node": ">=0.10.0"
      }
    },
    "node_modules/is-glob": {
      "version": "4.0.3",
      "resolved": "https://registry.npmjs.org/is-glob/-/is-glob-4.0.3.tgz",
      "integrity": "sha512-xelSayHH36ZgE7ZWhli7pW34hNbNl8Ojv5KVmkJD4hBdD3th8Tfk9vYasLM+mXWOZhFkgZfxhLSnrwRr4elSSg==",
      "dev": true,
      "license": "MIT",
      "dependencies": {
        "is-extglob": "^2.1.1"
      },
      "engines": {
        "node": ">=0.10.0"
      }
    },
    "node_modules/is-module": {
      "version": "1.0.0",
      "resolved": "https://registry.npmjs.org/is-module/-/is-module-1.0.0.tgz",
      "integrity": "sha512-51ypPSPCoTEIN9dy5Oy+h4pShgJmPCygKfyRCISBI+JoWT/2oJvK8QPxmwv7b/p239jXrm9M1mlQbyKJ5A152g==",
      "dev": true
    },
    "node_modules/is-number": {
      "version": "7.0.0",
      "resolved": "https://registry.npmjs.org/is-number/-/is-number-7.0.0.tgz",
      "integrity": "sha512-41Cifkg6e8TylSpdtTpeLVMqvSBEVzTttHvERD741+pnZ8ANv0004MRL43QKPDlK9cGvNp6NZWZUBlbGXYxxng==",
      "dev": true,
      "license": "MIT",
      "engines": {
        "node": ">=0.12.0"
      }
    },
    "node_modules/is-path-cwd": {
      "version": "3.0.0",
      "resolved": "https://registry.npmjs.org/is-path-cwd/-/is-path-cwd-3.0.0.tgz",
      "integrity": "sha512-kyiNFFLU0Ampr6SDZitD/DwUo4Zs1nSdnygUBqsu3LooL00Qvb5j+UnvApUn/TTj1J3OuE6BTdQ5rudKmU2ZaA==",
      "dev": true,
      "license": "MIT",
      "engines": {
        "node": "^12.20.0 || ^14.13.1 || >=16.0.0"
      },
      "funding": {
        "url": "https://github.com/sponsors/sindresorhus"
      }
    },
    "node_modules/is-path-inside": {
      "version": "4.0.0",
      "resolved": "https://registry.npmjs.org/is-path-inside/-/is-path-inside-4.0.0.tgz",
      "integrity": "sha512-lJJV/5dYS+RcL8uQdBDW9c9uWFLLBNRyFhnAKXw5tVqLlKZ4RMGZKv+YQ/IA3OhD+RpbJa1LLFM1FQPGyIXvOA==",
      "dev": true,
      "license": "MIT",
      "engines": {
        "node": ">=12"
      },
      "funding": {
        "url": "https://github.com/sponsors/sindresorhus"
      }
    },
    "node_modules/js-tokens": {
      "version": "10.0.0",
      "resolved": "https://registry.npmjs.org/js-tokens/-/js-tokens-10.0.0.tgz",
      "integrity": "sha512-lM/UBzQmfJRo9ABXbPWemivdCW8V2G8FHaHdypQaIy523snUjog0W71ayWXTjiR+ixeMyVHN2XcpnTd/liPg/Q==",
      "dev": true,
      "license": "MIT",
      "optional": true
    },
    "node_modules/magic-string": {
      "version": "0.30.21",
      "resolved": "https://registry.npmjs.org/magic-string/-/magic-string-0.30.21.tgz",
      "integrity": "sha512-vd2F4YUyEXKGcLHoq+TEyCjxueSeHnFxyyjNp80yg0XV4vUhnDer/lvvlqM/arB5bXQN5K2/3oinyCRyx8T2CQ==",
      "dev": true,
      "license": "MIT",
      "dependencies": {
        "@jridgewell/sourcemap-codec": "^1.5.5"
      }
    },
    "node_modules/meow": {
      "version": "14.0.0",
      "resolved": "https://registry.npmjs.org/meow/-/meow-14.0.0.tgz",
      "integrity": "sha512-JhC3R1f6dbspVtmF3vKjAWz1EVIvwFrGGPLSdU6rK79xBwHWTuHoLnRX/t1/zHS1Ch1Y2UtIrih7DAHuH9JFJA==",
      "dev": true,
      "license": "MIT",
      "engines": {
        "node": ">=20"
      },
      "funding": {
        "url": "https://github.com/sponsors/sindresorhus"
      }
    },
    "node_modules/merge2": {
      "version": "1.4.1",
      "resolved": "https://registry.npmjs.org/merge2/-/merge2-1.4.1.tgz",
      "integrity": "sha512-8q7VEgMJW4J8tcfVPy8g09NcQwZdbwFEqhe/WZkoIzjn/3TGDwtOCYtXGxA3O8tPzpczCCDgv+P2P5y00ZJOOg==",
      "dev": true,
      "license": "MIT",
      "engines": {
        "node": ">= 8"
      }
    },
    "node_modules/micromatch": {
      "version": "4.0.8",
      "resolved": "https://registry.npmjs.org/micromatch/-/micromatch-4.0.8.tgz",
      "integrity": "sha512-PXwfBhYu0hBCPw8Dn0E+WDYb7af3dSLVWKi3HGv84IdF4TyFoC0ysxFd0Goxw7nSv4T/PzEJQxsYsEiFCKo2BA==",
      "dev": true,
      "license": "MIT",
      "dependencies": {
        "braces": "^3.0.3",
        "picomatch": "^2.3.1"
      },
      "engines": {
        "node": ">=8.6"
      }
    },
    "node_modules/micromatch/node_modules/picomatch": {
      "version": "2.3.2",
      "resolved": "https://registry.npmjs.org/picomatch/-/picomatch-2.3.2.tgz",
      "integrity": "sha512-V7+vQEJ06Z+c5tSye8S+nHUfI51xoXIXjHQ99cQtKUkQqqO1kO/KCJUfZXuB47h/YBlDhah2H3hdUGXn8ie0oA==",
      "dev": true,
      "license": "MIT",
      "engines": {
        "node": ">=8.6"
      },
      "funding": {
        "url": "https://github.com/sponsors/jonschlinkert"
      }
    },
    "node_modules/p-map": {
      "version": "7.0.4",
      "resolved": "https://registry.npmjs.org/p-map/-/p-map-7.0.4.tgz",
      "integrity": "sha512-tkAQEw8ysMzmkhgw8k+1U/iPhWNhykKnSk4Rd5zLoPJCuJaGRPo6YposrZgaxHKzDHdDWWZvE/Sk7hsL2X/CpQ==",
      "dev": true,
      "license": "MIT",
      "engines": {
        "node": ">=18"
      },
      "funding": {
        "url": "https://github.com/sponsors/sindresorhus"
      }
    },
    "node_modules/path-parse": {
      "version": "1.0.7",
      "resolved": "https://registry.npmjs.org/path-parse/-/path-parse-1.0.7.tgz",
      "integrity": "sha512-LDJzPVEEEPR+y48z93A0Ed0yXb8pAByGWo/k5YYdYgpY2/2EsOsksJrq7lOHxryrVOn1ejG6oAp8ahvOIQD8sw==",
      "dev": true
    },
    "node_modules/path-type": {
      "version": "6.0.0",
      "resolved": "https://registry.npmjs.org/path-type/-/path-type-6.0.0.tgz",
      "integrity": "sha512-Vj7sf++t5pBD637NSfkxpHSMfWaeig5+DKWLhcqIYx6mWQz5hdJTGDVMQiJcw1ZYkhs7AazKDGpRVji1LJCZUQ==",
      "dev": true,
      "license": "MIT",
      "engines": {
        "node": ">=18"
      },
      "funding": {
        "url": "https://github.com/sponsors/sindresorhus"
      }
    },
    "node_modules/picomatch": {
      "version": "4.0.5",
      "resolved": "https://registry.npmjs.org/picomatch/-/picomatch-4.0.5.tgz",
      "integrity": "sha512-RvwwcruNjI1ncT5xRakeyS9Lf8lcItv34KD+aif+VH9kduAyfYBipGh12274xtenIPZ119/R9BdTBa8gAwSh0A==",
      "dev": true,
      "license": "MIT",
      "engines": {
        "node": ">=12"
      },
      "funding": {
        "url": "https://github.com/sponsors/jonschlinkert"
      }
    },
    "node_modules/presentable-error": {
      "version": "0.0.1",
      "resolved": "https://registry.npmjs.org/presentable-error/-/presentable-error-0.0.1.tgz",
      "integrity": "sha512-E6rsNU1QNJgB3sjj7OANinGncFKuK+164sLXw1/CqBjj/EkXSoSdHCtWQGBNlREIGLnL7IEUEGa08YFVUbrhVg==",
      "dev": true,
      "license": "MIT",
      "engines": {
        "node": ">=16"
      },
      "funding": {
        "url": "https://github.com/sponsors/sindresorhus"
      }
    },
    "node_modules/queue-microtask": {
      "version": "1.2.3",
      "resolved": "https://registry.npmjs.org/queue-microtask/-/queue-microtask-1.2.3.tgz",
      "integrity": "sha512-NuaNSa6flKT5JaSYQzJok04JzTL1CA6aGhv5rfLW3PgqA+M2ChpZQnAC8h8i4ZFkBS8X5RqkDBHA7r4hej3K9A==",
      "dev": true,
      "funding": [
        {
          "type": "github",
          "url": "https://github.com/sponsors/feross"
        },
        {
          "type": "patreon",
          "url": "https://www.patreon.com/feross"
        },
        {
          "type": "consulting",
          "url": "https://feross.org/support"
        }
      ],
      "license": "MIT"
    },
    "node_modules/resolve": {
      "version": "1.22.8",
      "resolved": "https://registry.npmjs.org/resolve/-/resolve-1.22.8.tgz",
      "integrity": "sha512-oKWePCxqpd6FlLvGV1VU0x7bkPmmCNolxzjMf4NczoDnQcIWrAF+cPtZn5i6n+RfD2d9i0tzpKnG6Yk168yIyw==",
      "dev": true,
      "dependencies": {
        "is-core-module": "^2.13.0",
        "path-parse": "^1.0.7",
        "supports-preserve-symlinks-flag": "^1.0.0"
      },
      "bin": {
        "resolve": "bin/resolve"
      },
      "funding": {
        "url": "https://github.com/sponsors/ljharb"
      }
    },
    "node_modules/reusify": {
      "version": "1.1.0",
      "resolved": "https://registry.npmjs.org/reusify/-/reusify-1.1.0.tgz",
      "integrity": "sha512-g6QUff04oZpHs0eG5p83rFLhHeV00ug/Yf9nZM6fLeUrPguBTkTQOdpAWWspMh55TZfVQDPaN3NQJfbVRAxdIw==",
      "dev": true,
      "license": "MIT",
      "engines": {
        "iojs": ">=1.0.0",
        "node": ">=0.10.0"
      }
    },
    "node_modules/rollup": {
      "version": "4.63.1",
      "resolved": "https://registry.npmjs.org/rollup/-/rollup-4.63.1.tgz",
      "integrity": "sha512-3Df9jsstwhccuEfmAMi9l8XUh/GOkVObmFTU7CCVBysEbcOZLl84jCtaAZMcPiMz2EGKsATzQcU+Xr3n/wU6cg==",
      "dev": true,
      "license": "MIT",
      "dependencies": {
        "@types/estree": "1.0.9"
      },
      "bin": {
        "rollup": "dist/bin/rollup"
      },
      "engines": {
        "node": ">=18.0.0",
        "npm": ">=8.0.0"
      },
      "optionalDependencies": {
        "@napi-rs/lzma-linux-x64-gnu": "1.5.1",
        "@rollup/rollup-android-arm-eabi": "4.63.1",
        "@rollup/rollup-android-arm64": "4.63.1",
        "@rollup/rollup-darwin-arm64": "4.63.1",
        "@rollup/rollup-darwin-x64": "4.63.1",
        "@rollup/rollup-freebsd-arm64": "4.63.1",
        "@rollup/rollup-freebsd-x64": "4.63.1",
        "@rollup/rollup-linux-arm-gnueabihf": "4.63.1",
        "@rollup/rollup-linux-arm-musleabihf": "4.63.1",
        "@rollup/rollup-linux-arm64-gnu": "4.63.1",
        "@rollup/rollup-linux-arm64-musl": "4.63.1",
        "@rollup/rollup-linux-loong64-gnu": "4.63.1",
        "@rollup/rollup-linux-loong64-musl": "4.63.1",
        "@rollup/rollup-linux-ppc64-gnu": "4.63.1",
        "@rollup/rollup-linux-ppc64-musl": "4.63.1",
        "@rollup/rollup-linux-riscv64-gnu": "4.63.1",
        "@rollup/rollup-linux-riscv64-musl": "4.63.1",
        "@rollup/rollup-linux-s390x-gnu": "4.63.1",
        "@rollup/rollup-linux-x64-gnu": "4.63.1",
        "@rollup/rollup-linux-x64-musl": "4.63.1",
        "@rollup/rollup-openbsd-x64": "4.63.1",
        "@rollup/rollup-openharmony-arm64": "4.63.1",
        "@rollup/rollup-win32-arm64-msvc": "4.63.1",
        "@rollup/rollup-win32-ia32-msvc": "4.63.1",
        "@rollup/rollup-win32-x64-gnu": "4.63.1",
        "@rollup/rollup-win32-x64-msvc": "4.63.1",
        "fsevents": "~2.3.2"
      }
    },
    "node_modules/rollup-plugin-dts": {
      "version": "6.5.1",
      "resolved": "https://registry.npmjs.org/rollup-plugin-dts/-/rollup-plugin-dts-6.5.1.tgz",
      "integrity": "sha512-jODTXp3H7MK/Ur/ErtsrQ0G1GvaCmc3du+y5pNrdBMf6d7HlL2Nd/N6TkEr+f75CkUj01zEoEd7y2elH0eHi1Q==",
      "dev": true,
      "license": "LGPL-3.0-only",
      "dependencies": {
        "@jridgewell/remapping": "^2.3.5",
        "@jridgewell/sourcemap-codec": "^1.5.5",
        "convert-source-map": "^2.0.0",
        "magic-string": "^0.30.21"
      },
      "engines": {
        "node": ">=20"
      },
      "funding": {
        "url": "https://github.com/sponsors/Swatinem"
      },
      "optionalDependencies": {
        "@babel/code-frame": "^8.0.0"
      },
      "peerDependencies": {
        "@typescript/typescript6": "^6",
        "rollup": "^3 || ^4",
        "typescript": "^4.5 || ^5 || ^6 || ^7"
      },
      "peerDependenciesMeta": {
        "@typescript/typescript6": {
          "optional": true
        }
      }
    },
    "node_modules/run-parallel": {
      "version": "1.2.0",
      "resolved": "https://registry.npmjs.org/run-parallel/-/run-parallel-1.2.0.tgz",
      "integrity": "sha512-5l4VyZR86LZ/lDxZTR6jqL8AFE2S0IFLMP26AbjsLVADxHdhB/c0GUsH+y39UfCi3dzz8OlQuPmnaJOMoDHQBA==",
      "dev": true,
      "funding": [
        {
          "type": "github",
          "url": "https://github.com/sponsors/feross"
        },
        {
          "type": "patreon",
          "url": "https://www.patreon.com/feross"
        },
        {
          "type": "consulting",
          "url": "https://feross.org/support"
        }
      ],
      "license": "MIT",
      "dependencies": {
        "queue-microtask": "^1.2.2"
      }
    },
    "node_modules/slash": {
      "version": "5.1.0",
      "resolved": "https://registry.npmjs.org/slash/-/slash-5.1.0.tgz",
      "integrity": "sha512-ZA6oR3T/pEyuqwMgAKT0/hAv8oAXckzbkmR0UkUosQ+Mc4RxGoJkRmwHgHufaenlyAgE1Mxgpdcrf75y6XcnDg==",
      "dev": true,
      "license": "MIT",
      "engines": {
        "node": ">=14.16"
      },
      "funding": {
        "url": "https://github.com/sponsors/sindresorhus"
      }
    },
    "node_modules/supports-preserve-symlinks-flag": {
      "version": "1.0.0",
      "resolved": "https://registry.npmjs.org/supports-preserve-symlinks-flag/-/supports-preserve-symlinks-flag-1.0.0.tgz",
      "integrity": "sha512-ot0WnXS9fgdkgIcePe6RHNk1WA8+muPa6cSjeR3V8K27q9BB1rTE3R1p7Hv0z1ZyAc8s6Vvv8DIyWf681MAt0w==",
      "dev": true,
      "engines": {
        "node": ">= 0.4"
      },
      "funding": {
        "url": "https://github.com/sponsors/ljharb"
      }
    },
    "node_modules/to-regex-range": {
      "version": "5.0.1",
      "resolved": "https://registry.npmjs.org/to-regex-range/-/to-regex-range-5.0.1.tgz",
      "integrity": "sha512-65P7iz6X5yEr1cwcgvQxbbIw7Uk3gOy5dIdtZ4rDveLqhrdJP+Li/Hx6tyK0NEb+2GCyneCMJiGqrADCSNk8sQ==",
      "dev": true,
      "license": "MIT",
      "dependencies": {
        "is-number": "^7.0.0"
      },
      "engines": {
        "node": ">=8.0"
      }
    },
    "node_modules/typescript": {
      "version": "5.6.3",
      "resolved": "https://registry.npmjs.org/typescript/-/typescript-5.6.3.tgz",
      "integrity": "sha512-hjcS1mhfuyi4WW8IWtjP7brDrG2cuDZukyrYrSauoXGNgx0S7zceP07adYkJycEr56BOUTNPzbInooiN3fn1qw==",
      "dev": true,
      "peer": true,
      "bin": {
        "tsc": "bin/tsc",
        "tsserver": "bin/tsserver"
      },
      "engines": {
        "node": ">=14.17"
      }
    },
    "node_modules/unicorn-magic": {
      "version": "0.3.0",
      "resolved": "https://registry.npmjs.org/unicorn-magic/-/unicorn-magic-0.3.0.tgz",
      "integrity": "sha512-+QBBXBCvifc56fsbuxZQ6Sic3wqqc3WWaqxs58gvJrcOuN83HGTCwz3oS5phzU9LthRNE9VrJCFCLUgHeeFnfA==",
      "dev": true,
      "license": "MIT",
      "engines": {
        "node": ">=18"
      },
      "funding": {
        "url": "https://github.com/sponsors/sindresorhus"
      }
    }
  }
}
